<Solution>
  <Project Path="backend/application/Assimalign.AI.Orchestrator.Application/Assimalign.AI.Orchestrator.Application.csproj" />
  <Project Path="backend/core/Assimalign.AI.Orchestrator.Core/Assimalign.AI.Orchestrator.Core.csproj" />
  <Project Path="backend/infrastructure/Assimalign.AI.Orchestrator.Infrastructure.Messaging.ServiceBus/Assimalign.AI.Orchestrator.Infrastructure.Messaging.ServiceBus.csproj" />
  <Project Path="backend/infrastructure/Assimalign.AI.Orchestrator.Infrastructure.Messaging/Assimalign.AI.Orchestrator.Infrastructure.Messaging.csproj" />
  <Project Path="backend/infrastructure/Assimalign.AI.Orchestrator.Infrastructure.Storage.Memory/Assimalign.AI.Orchestrator.Infrastructure.Storage.Memory.csproj" />
  <Project Path="backend/infrastructure/Assimalign.AI.Orchestrator.Infrastructure.Storage.Tables/Assimalign.AI.Orchestrator.Infrastructure.Storage.Tables.csproj" />
  <Project Path="backend/infrastructure/Assimalign.AI.Orchestrator.Infrastructure.Storage/Assimalign.AI.Orchestrator.Infrastructure.Storage.csproj" />
  <Project Path="backend/infrastructure/Assimalign.AI.Orchestrator.Infrastructure/Assimalign.AI.Orchestrator.Infrastructure.csproj" />
  <Project Path="backend/services/Assimalign.AI.Orchestrator.Api/Assimalign.AI.Orchestrator.Api.csproj" />
  <Project Path="backend/services/Assimalign.AI.Orchestrator.Worker/Assimalign.AI.Orchestrator.Worker.csproj" />
</Solution>
